{
    "_meta": {
        "hash": {
            "sha256": "3e15b940b85bcefad5c2a1ec53c6cdc9e0e9bb71b279c764a13d928372efab83"
        },
        "pipfile-spec": 6,
        "requires": {
            "python_full_version": "3.6.10",
            "python_version": "3.6"
        },
        "sources": [
            {
                "name": "pypi",
                "url": "https://pypi.org/simple",
                "verify_ssl": true
            }
        ]
    },
    "default": {},
    "develop": {}
}
